
Microsoft Visual Studio Solution File, Format Version 12.00
# Visual Studio Version 17
VisualStudioVersion = 17.12.35527.113 d17.12
MinimumVisualStudioVersion = 10.0.40219.1
Project("{FAE04EC0-301F-11D3-BF4B-00C04F79EFBC}") = "BYS.entities", "BYS.entities\BYS.entities.csproj", "{C9C0FEF4-73A9-4D0A-8000-F13DB51CFDB3}"
EndProject
Project("{FAE04EC0-301F-11D3-BF4B-00C04F79EFBC}") = "BYS.DataAccess", "BYS.DataAccess\BYS.DataAccess.csproj", "{073569E2-7B4C-4635-A06B-EE3EE4D23472}"
EndProject
Global
	GlobalSection(SolutionConfigurationPlatforms) = preSolution
		Debug|Any CPU = Debug|Any CPU
		Release|Any CPU = Release|Any CPU
	EndGlobalSection
	GlobalSection(ProjectConfigurationPlatforms) = postSolution
		{C9C0FEF4-73A9-4D0A-8000-F13DB51CFDB3}.Debug|Any CPU.ActiveCfg = Debug|Any CPU
		{C9C0FEF4-73A9-4D0A-8000-F13DB51CFDB3}.Debug|Any CPU.Build.0 = Debug|Any CPU
		{C9C0FEF4-73A9-4D0A-8000-F13DB51CFDB3}.Release|Any CPU.ActiveCfg = Release|Any CPU
		{C9C0FEF4-73A9-4D0A-8000-F13DB51CFDB3}.Release|Any CPU.Build.0 = Release|Any CPU
		{073569E2-7B4C-4635-A06B-EE3EE4D23472}.Debug|Any CPU.ActiveCfg = Debug|Any CPU
		{073569E2-7B4C-4635-A06B-EE3EE4D23472}.Debug|Any CPU.Build.0 = Debug|Any CPU
		{073569E2-7B4C-4635-A06B-EE3EE4D23472}.Release|Any CPU.ActiveCfg = Release|Any CPU
		{073569E2-7B4C-4635-A06B-EE3EE4D23472}.Release|Any CPU.Build.0 = Release|Any CPU
	EndGlobalSection
	GlobalSection(SolutionProperties) = preSolution
		HideSolutionNode = FALSE
	EndGlobalSection
EndGlobal
